
Microsoft Visual Studio Solution File, Format Version 12.00
# Visual Studio Version 17
VisualStudioVersion = 17.3.32929.385
MinimumVisualStudioVersion = 10.0.40219.1
Project("{FAE04EC0-301F-11D3-BF4B-00C04F79EFBC}") = "Telegram_Bot_Project", "Telegram_Bot_Project\Telegram_Bot_Project.csproj", "{9016466B-39A2-4E9C-9796-6FCAB8F8ADDE}"
EndProject
Global
	GlobalSection(SolutionConfigurationPlatforms) = preSolution
		Debug|Any CPU = Debug|Any CPU
		Release|Any CPU = Release|Any CPU
	EndGlobalSection
	GlobalSection(ProjectConfigurationPlatforms) = postSolution
		{9016466B-39A2-4E9C-9796-6FCAB8F8ADDE}.Debug|Any CPU.ActiveCfg = Debug|Any CPU
		{9016466B-39A2-4E9C-9796-6FCAB8F8ADDE}.Debug|Any CPU.Build.0 = Debug|Any CPU
		{9016466B-39A2-4E9C-9796-6FCAB8F8ADDE}.Release|Any CPU.ActiveCfg = Release|Any CPU
		{9016466B-39A2-4E9C-9796-6FCAB8F8ADDE}.Release|Any CPU.Build.0 = Release|Any CPU
	EndGlobalSection
	GlobalSection(SolutionProperties) = preSolution
		HideSolutionNode = FALSE
	EndGlobalSection
	GlobalSection(ExtensibilityGlobals) = postSolution
		SolutionGuid = {F71CCF81-15BF-4861-86AF-407C366C3C73}
	EndGlobalSection
EndGlobal
